// !$*UTF8*$!
{
	archiveVersion = 1;
	classes = {
	};
	objectVersion = 46;
	objects = {

/* Begin PBXBuildFile section */
		00903EF0DB273AE3647E9520 /* Pods_RevCity.framework in Frameworks */ = {isa = PBXBuildFile; fileRef = 1F3E413CD692985B9CECB679 /* Pods_RevCity.framework */; };
		4A6A27061E783F07003CBEBB /* MainCameraViewController.swift in Sources */ = {isa = PBXBuildFile; fileRef = 4A6A27051E783F06003CBEBB /* MainCameraViewController.swift */; };
		4A6A27081E78A1C5003CBEBB /* CameraLaunchViewController.swift in Sources */ = {isa = PBXBuildFile; fileRef = 4A6A27071E78A1C5003CBEBB /* CameraLaunchViewController.swift */; };
		4AD128861E6B7D0C0087D486 /* AppDelegate.swift in Sources */ = {isa = PBXBuildFile; fileRef = 4AD128851E6B7D0C0087D486 /* AppDelegate.swift */; };
		4AD1288D1E6B7D0C0087D486 /* Main.storyboard in Resources */ = {isa = PBXBuildFile; fileRef = 4AD1288B1E6B7D0C0087D486 /* Main.storyboard */; };
		4AD1288F1E6B7D0C0087D486 /* Assets.xcassets in Resources */ = {isa = PBXBuildFile; fileRef = 4AD1288E1E6B7D0C0087D486 /* Assets.xcassets */; };
		4AD128921E6B7D0C0087D486 /* LaunchScreen.storyboard in Resources */ = {isa = PBXBuildFile; fileRef = 4AD128901E6B7D0C0087D486 /* LaunchScreen.storyboard */; };
		4AD1289D1E6B7D0C0087D486 /* RevCityTests.swift in Sources */ = {isa = PBXBuildFile; fileRef = 4AD1289C1E6B7D0C0087D486 /* RevCityTests.swift */; };
		4AD128A81E6B7D0C0087D486 /* RevCityUITests.swift in Sources */ = {isa = PBXBuildFile; fileRef = 4AD128A71E6B7D0C0087D486 /* RevCityUITests.swift */; };
		4AD128B81E6B7D570087D486 /* MapKit.framework in Frameworks */ = {isa = PBXBuildFile; fileRef = 4AD128B71E6B7D570087D486 /* MapKit.framework */; };
		4AD128BA1E6BA7C10087D486 /* ExploreViewController.swift in Sources */ = {isa = PBXBuildFile; fileRef = 4AD128B91E6BA7C10087D486 /* ExploreViewController.swift */; };
		4AD128BC1E6C69910087D486 /* SearchViewController.swift in Sources */ = {isa = PBXBuildFile; fileRef = 4AD128BB1E6C69910087D486 /* SearchViewController.swift */; };
		4AD128BE1E6C69D10087D486 /* ChatViewController.swift in Sources */ = {isa = PBXBuildFile; fileRef = 4AD128BD1E6C69D10087D486 /* ChatViewController.swift */; };
		4AD128C01E6C69F20087D486 /* ProfileViewController.swift in Sources */ = {isa = PBXBuildFile; fileRef = 4AD128BF1E6C69F20087D486 /* ProfileViewController.swift */; };
		4AD129001E6CA4370087D486 /* CustomTabBarController.swift in Sources */ = {isa = PBXBuildFile; fileRef = 4AD128FF1E6CA4370087D486 /* CustomTabBarController.swift */; };
		4AD129021E6CEDCF0087D486 /* ReviewViewController.swift in Sources */ = {isa = PBXBuildFile; fileRef = 4AD129011E6CEDCF0087D486 /* ReviewViewController.swift */; };
		6545C34F1E85B0DB00E4099D /* NetworkRequest.swift in Sources */ = {isa = PBXBuildFile; fileRef = 6545C34E1E85B0DB00E4099D /* NetworkRequest.swift */; };
		6545C3511E85BFB800E4099D /* Requests.swift in Sources */ = {isa = PBXBuildFile; fileRef = 6545C3501E85BFB800E4099D /* Requests.swift */; };
		7F54DCFC1E80351000E703DA /* TabBarController.swift in Sources */ = {isa = PBXBuildFile; fileRef = 7F54DCFB1E80351000E703DA /* TabBarController.swift */; };
		7FE6200F1E7ED2980027BE7E /* LoginViewController.swift in Sources */ = {isa = PBXBuildFile; fileRef = 7FE6200E1E7ED2980027BE7E /* LoginViewController.swift */; };
		7FE620111E7EDAE20027BE7E /* UIColor+.swift in Sources */ = {isa = PBXBuildFile; fileRef = 7FE620101E7EDAE20027BE7E /* UIColor+.swift */; };
/* End PBXBuildFile section */

/* Begin PBXContainerItemProxy section */
		4AD128991E6B7D0C0087D486 /* PBXContainerItemProxy */ = {
			isa = PBXContainerItemProxy;
			containerPortal = 4AD1287A1E6B7D0B0087D486 /* Project object */;
			proxyType = 1;
			remoteGlobalIDString = 4AD128811E6B7D0B0087D486;
			remoteInfo = RevCity;
		};
		4AD128A41E6B7D0C0087D486 /* PBXContainerItemProxy */ = {
			isa = PBXContainerItemProxy;
			containerPortal = 4AD1287A1E6B7D0B0087D486 /* Project object */;
			proxyType = 1;
			remoteGlobalIDString = 4AD128811E6B7D0B0087D486;
			remoteInfo = RevCity;
		};
/* End PBXContainerItemProxy section */

/* Begin PBXFileReference section */
		1F3E413CD692985B9CECB679 /* Pods_RevCity.framework */ = {isa = PBXFileReference; explicitFileType = wrapper.framework; includeInIndex = 0; path = Pods_RevCity.framework; sourceTree = BUILT_PRODUCTS_DIR; };
		4A6A27051E783F06003CBEBB /* MainCameraViewController.swift */ = {isa = PBXFileReference; fileEncoding = 4; lastKnownFileType = sourcecode.swift; path = MainCameraViewController.swift; sourceTree = "<group>"; };
		4A6A27071E78A1C5003CBEBB /* CameraLaunchViewController.swift */ = {isa = PBXFileReference; fileEncoding = 4; lastKnownFileType = sourcecode.swift; path = CameraLaunchViewController.swift; sourceTree = "<group>"; };
		4AD128821E6B7D0C0087D486 /* RevCity.app */ = {isa = PBXFileReference; explicitFileType = wrapper.application; includeInIndex = 0; path = RevCity.app; sourceTree = BUILT_PRODUCTS_DIR; };
		4AD128851E6B7D0C0087D486 /* AppDelegate.swift */ = {isa = PBXFileReference; lastKnownFileType = sourcecode.swift; path = AppDelegate.swift; sourceTree = "<group>"; };
		4AD1288C1E6B7D0C0087D486 /* Base */ = {isa = PBXFileReference; lastKnownFileType = file.storyboard; name = Base; path = Base.lproj/Main.storyboard; sourceTree = "<group>"; };
		4AD1288E1E6B7D0C0087D486 /* Assets.xcassets */ = {isa = PBXFileReference; lastKnownFileType = folder.assetcatalog; path = Assets.xcassets; sourceTree = "<group>"; };
		4AD128911E6B7D0C0087D486 /* Base */ = {isa = PBXFileReference; lastKnownFileType = file.storyboard; name = Base; path = Base.lproj/LaunchScreen.storyboard; sourceTree = "<group>"; };
		4AD128931E6B7D0C0087D486 /* Info.plist */ = {isa = PBXFileReference; lastKnownFileType = text.plist.xml; path = Info.plist; sourceTree = "<group>"; };
		4AD128981E6B7D0C0087D486 /* RevCityTests.xctest */ = {isa = PBXFileReference; explicitFileType = wrapper.cfbundle; includeInIndex = 0; path = RevCityTests.xctest; sourceTree = BUILT_PRODUCTS_DIR; };
		4AD1289C1E6B7D0C0087D486 /* RevCityTests.swift */ = {isa = PBXFileReference; lastKnownFileType = sourcecode.swift; path = RevCityTests.swift; sourceTree = "<group>"; };
		4AD1289E1E6B7D0C0087D486 /* Info.plist */ = {isa = PBXFileReference; lastKnownFileType = text.plist.xml; path = Info.plist; sourceTree = "<group>"; };
		4AD128A31E6B7D0C0087D486 /* RevCityUITests.xctest */ = {isa = PBXFileReference; explicitFileType = wrapper.cfbundle; includeInIndex = 0; path = RevCityUITests.xctest; sourceTree = BUILT_PRODUCTS_DIR; };
		4AD128A71E6B7D0C0087D486 /* RevCityUITests.swift */ = {isa = PBXFileReference; lastKnownFileType = sourcecode.swift; path = RevCityUITests.swift; sourceTree = "<group>"; };
		4AD128A91E6B7D0C0087D486 /* Info.plist */ = {isa = PBXFileReference; lastKnownFileType = text.plist.xml; path = Info.plist; sourceTree = "<group>"; };
		4AD128B51E6B7D370087D486 /* RevCity.entitlements */ = {isa = PBXFileReference; lastKnownFileType = text.plist.entitlements; path = RevCity.entitlements; sourceTree = "<group>"; };
		4AD128B71E6B7D570087D486 /* MapKit.framework */ = {isa = PBXFileReference; lastKnownFileType = wrapper.framework; name = MapKit.framework; path = System/Library/Frameworks/MapKit.framework; sourceTree = SDKROOT; };
		4AD128B91E6BA7C10087D486 /* ExploreViewController.swift */ = {isa = PBXFileReference; fileEncoding = 4; lastKnownFileType = sourcecode.swift; path = ExploreViewController.swift; sourceTree = "<group>"; };
		4AD128BB1E6C69910087D486 /* SearchViewController.swift */ = {isa = PBXFileReference; fileEncoding = 4; lastKnownFileType = sourcecode.swift; path = SearchViewController.swift; sourceTree = "<group>"; };
		4AD128BD1E6C69D10087D486 /* ChatViewController.swift */ = {isa = PBXFileReference; fileEncoding = 4; lastKnownFileType = sourcecode.swift; path = ChatViewController.swift; sourceTree = "<group>"; };
		4AD128BF1E6C69F20087D486 /* ProfileViewController.swift */ = {isa = PBXFileReference; fileEncoding = 4; lastKnownFileType = sourcecode.swift; path = ProfileViewController.swift; sourceTree = "<group>"; };
		4AD128FF1E6CA4370087D486 /* CustomTabBarController.swift */ = {isa = PBXFileReference; fileEncoding = 4; lastKnownFileType = sourcecode.swift; path = CustomTabBarController.swift; sourceTree = "<group>"; };
		4AD129011E6CEDCF0087D486 /* ReviewViewController.swift */ = {isa = PBXFileReference; fileEncoding = 4; lastKnownFileType = sourcecode.swift; path = ReviewViewController.swift; sourceTree = "<group>"; };
		6545C34E1E85B0DB00E4099D /* NetworkRequest.swift */ = {isa = PBXFileReference; fileEncoding = 4; lastKnownFileType = sourcecode.swift; path = NetworkRequest.swift; sourceTree = "<group>"; };
		6545C3501E85BFB800E4099D /* Requests.swift */ = {isa = PBXFileReference; fileEncoding = 4; lastKnownFileType = sourcecode.swift; path = Requests.swift; sourceTree = "<group>"; };
		66670A3DF2F01726A5F46D3C /* Pods_RevCityTests.framework */ = {isa = PBXFileReference; explicitFileType = wrapper.framework; includeInIndex = 0; path = Pods_RevCityTests.framework; sourceTree = BUILT_PRODUCTS_DIR; };
		668B513E173F377E124F3135 /* Pods-RevCity.release.xcconfig */ = {isa = PBXFileReference; includeInIndex = 1; lastKnownFileType = text.xcconfig; name = "Pods-RevCity.release.xcconfig"; path = "Pods/Target Support Files/Pods-RevCity/Pods-RevCity.release.xcconfig"; sourceTree = "<group>"; };
		7F54DCFB1E80351000E703DA /* TabBarController.swift */ = {isa = PBXFileReference; fileEncoding = 4; lastKnownFileType = sourcecode.swift; path = TabBarController.swift; sourceTree = "<group>"; };
		7FE6200E1E7ED2980027BE7E /* LoginViewController.swift */ = {isa = PBXFileReference; fileEncoding = 4; lastKnownFileType = sourcecode.swift; path = LoginViewController.swift; sourceTree = "<group>"; };
		7FE620101E7EDAE20027BE7E /* UIColor+.swift */ = {isa = PBXFileReference; fileEncoding = 4; lastKnownFileType = sourcecode.swift; path = "UIColor+.swift"; sourceTree = "<group>"; };
		9444488AA34DA0F75ED38702 /* Pods_RevCityUITests.framework */ = {isa = PBXFileReference; explicitFileType = wrapper.framework; includeInIndex = 0; path = Pods_RevCityUITests.framework; sourceTree = BUILT_PRODUCTS_DIR; };
		CF03FD5127561F8B4353DB1B /* Pods-RevCity.debug.xcconfig */ = {isa = PBXFileReference; includeInIndex = 1; lastKnownFileType = text.xcconfig; name = "Pods-RevCity.debug.xcconfig"; path = "Pods/Target Support Files/Pods-RevCity/Pods-RevCity.debug.xcconfig"; sourceTree = "<group>"; };
/* End PBXFileReference section */

/* Begin PBXFrameworksBuildPhase section */
		4AD1287F1E6B7D0B0087D486 /* Frameworks */ = {
			isa = PBXFrameworksBuildPhase;
			buildActionMask = 2147483647;
			files = (
				4AD128B81E6B7D570087D486 /* MapKit.framework in Frameworks */,
				00903EF0DB273AE3647E9520 /* Pods_RevCity.framework in Frameworks */,
			);
			runOnlyForDeploymentPostprocessing = 0;
		};
		4AD128951E6B7D0C0087D486 /* Frameworks */ = {
			isa = PBXFrameworksBuildPhase;
			buildActionMask = 2147483647;
			files = (
			);
			runOnlyForDeploymentPostprocessing = 0;
		};
		4AD128A01E6B7D0C0087D486 /* Frameworks */ = {
			isa = PBXFrameworksBuildPhase;
			buildActionMask = 2147483647;
			files = (
			);
			runOnlyForDeploymentPostprocessing = 0;
		};
/* End PBXFrameworksBuildPhase section */

/* Begin PBXGroup section */
		4AAABD041E7AED11009610E1 /* CameraViewControllers */ = {
			isa = PBXGroup;
			children = (
				4A6A27071E78A1C5003CBEBB /* CameraLaunchViewController.swift */,
				4A6A27051E783F06003CBEBB /* MainCameraViewController.swift */,
				4AD129011E6CEDCF0087D486 /* ReviewViewController.swift */,
			);
			name = CameraViewControllers;
			sourceTree = "<group>";
		};
		4AD128791E6B7D0B0087D486 = {
			isa = PBXGroup;
			children = (
				4AD128841E6B7D0C0087D486 /* RevCity */,
				4AD1289B1E6B7D0C0087D486 /* RevCityTests */,
				4AD128A61E6B7D0C0087D486 /* RevCityUITests */,
				4AD128831E6B7D0C0087D486 /* Products */,
				4AD128B61E6B7D570087D486 /* Frameworks */,
				74D990575593D50616D907D0 /* Pods */,
			);
			sourceTree = "<group>";
		};
		4AD128831E6B7D0C0087D486 /* Products */ = {
			isa = PBXGroup;
			children = (
				4AD128821E6B7D0C0087D486 /* RevCity.app */,
				4AD128981E6B7D0C0087D486 /* RevCityTests.xctest */,
				4AD128A31E6B7D0C0087D486 /* RevCityUITests.xctest */,
			);
			name = Products;
			sourceTree = "<group>";
		};
		4AD128841E6B7D0C0087D486 /* RevCity */ = {
			isa = PBXGroup;
			children = (
				4AD128851E6B7D0C0087D486 /* AppDelegate.swift */,
				4AD128B51E6B7D370087D486 /* RevCity.entitlements */,
				4AD128901E6B7D0C0087D486 /* LaunchScreen.storyboard */,
				4AD1288B1E6B7D0C0087D486 /* Main.storyboard */,
				6545C34C1E85AF6B00E4099D /* Login */,
				6545C34D1E85B0BD00E4099D /* Networking */,
				4AD128FF1E6CA4370087D486 /* CustomTabBarController.swift */,
				7F54DCFB1E80351000E703DA /* TabBarController.swift */,
				4AD128B91E6BA7C10087D486 /* ExploreViewController.swift */,
				4AD128BB1E6C69910087D486 /* SearchViewController.swift */,
				4AAABD041E7AED11009610E1 /* CameraViewControllers */,
				4AD128BD1E6C69D10087D486 /* ChatViewController.swift */,
				4AD128BF1E6C69F20087D486 /* ProfileViewController.swift */,
				4AD1288E1E6B7D0C0087D486 /* Assets.xcassets */,
				4AD128931E6B7D0C0087D486 /* Info.plist */,
				7FE620101E7EDAE20027BE7E /* UIColor+.swift */,
			);
			path = RevCity;
			sourceTree = "<group>";
		};
		4AD1289B1E6B7D0C0087D486 /* RevCityTests */ = {
			isa = PBXGroup;
			children = (
				4AD1289C1E6B7D0C0087D486 /* RevCityTests.swift */,
				4AD1289E1E6B7D0C0087D486 /* Info.plist */,
			);
			path = RevCityTests;
			sourceTree = "<group>";
		};
		4AD128A61E6B7D0C0087D486 /* RevCityUITests */ = {
			isa = PBXGroup;
			children = (
				4AD128A71E6B7D0C0087D486 /* RevCityUITests.swift */,
				4AD128A91E6B7D0C0087D486 /* Info.plist */,
			);
			path = RevCityUITests;
			sourceTree = "<group>";
		};
		4AD128B61E6B7D570087D486 /* Frameworks */ = {
			isa = PBXGroup;
			children = (
				4AD128B71E6B7D570087D486 /* MapKit.framework */,
				1F3E413CD692985B9CECB679 /* Pods_RevCity.framework */,
				66670A3DF2F01726A5F46D3C /* Pods_RevCityTests.framework */,
				9444488AA34DA0F75ED38702 /* Pods_RevCityUITests.framework */,
			);
			name = Frameworks;
			sourceTree = "<group>";
		};
		6545C34C1E85AF6B00E4099D /* Login */ = {
			isa = PBXGroup;
			children = (
				7FE6200E1E7ED2980027BE7E /* LoginViewController.swift */,
			);
			name = Login;
			sourceTree = "<group>";
		};
		6545C34D1E85B0BD00E4099D /* Networking */ = {
			isa = PBXGroup;
			children = (
				6545C34E1E85B0DB00E4099D /* NetworkRequest.swift */,
				6545C3501E85BFB800E4099D /* Requests.swift */,
			);
			name = Networking;
			sourceTree = "<group>";
		};
		74D990575593D50616D907D0 /* Pods */ = {
			isa = PBXGroup;
			children = (
				CF03FD5127561F8B4353DB1B /* Pods-RevCity.debug.xcconfig */,
				668B513E173F377E124F3135 /* Pods-RevCity.release.xcconfig */,
			);
			name = Pods;
			sourceTree = "<group>";
		};
/* End PBXGroup section */

/* Begin PBXNativeTarget section */
		4AD128811E6B7D0B0087D486 /* RevCity */ = {
			isa = PBXNativeTarget;
			buildConfigurationList = 4AD128AC1E6B7D0C0087D486 /* Build configuration list for PBXNativeTarget "RevCity" */;
			buildPhases = (
				0E10F139A35BFB31E5A9F228 /* [CP] Check Pods Manifest.lock */,
				4AD1287E1E6B7D0B0087D486 /* Sources */,
				4AD1287F1E6B7D0B0087D486 /* Frameworks */,
				4AD128801E6B7D0B0087D486 /* Resources */,
				DD739AC2B0DCBBA60B2DD66C /* [CP] Embed Pods Frameworks */,
				03D36D88643A23E12509AC96 /* [CP] Copy Pods Resources */,
			);
			buildRules = (
			);
			dependencies = (
			);
			name = RevCity;
			productName = RevCity;
			productReference = 4AD128821E6B7D0C0087D486 /* RevCity.app */;
			productType = "com.apple.product-type.application";
		};
		4AD128971E6B7D0C0087D486 /* RevCityTests */ = {
			isa = PBXNativeTarget;
			buildConfigurationList = 4AD128AF1E6B7D0C0087D486 /* Build configuration list for PBXNativeTarget "RevCityTests" */;
			buildPhases = (
				4AD128941E6B7D0C0087D486 /* Sources */,
				4AD128951E6B7D0C0087D486 /* Frameworks */,
				4AD128961E6B7D0C0087D486 /* Resources */,
			);
			buildRules = (
			);
			dependencies = (
				4AD1289A1E6B7D0C0087D486 /* PBXTargetDependency */,
			);
			name = RevCityTests;
			productName = RevCityTests;
			productReference = 4AD128981E6B7D0C0087D486 /* RevCityTests.xctest */;
			productType = "com.apple.product-type.bundle.unit-test";
		};
		4AD128A21E6B7D0C0087D486 /* RevCityUITests */ = {
			isa = PBXNativeTarget;
			buildConfigurationList = 4AD128B21E6B7D0C0087D486 /* Build configuration list for PBXNativeTarget "RevCityUITests" */;
			buildPhases = (
				4AD1289F1E6B7D0C0087D486 /* Sources */,
				4AD128A01E6B7D0C0087D486 /* Frameworks */,
				4AD128A11E6B7D0C0087D486 /* Resources */,
			);
			buildRules = (
			);
			dependencies = (
				4AD128A51E6B7D0C0087D486 /* PBXTargetDependency */,
			);
			name = RevCityUITests;
			productName = RevCityUITests;
			productReference = 4AD128A31E6B7D0C0087D486 /* RevCityUITests.xctest */;
			productType = "com.apple.product-type.bundle.ui-testing";
		};
/* End PBXNativeTarget section */

/* Begin PBXProject section */
		4AD1287A1E6B7D0B0087D486 /* Project object */ = {
			isa = PBXProject;
			attributes = {
				LastSwiftUpdateCheck = 0820;
				LastUpgradeCheck = 0820;
				ORGANIZATIONNAME = "Placemaker Technologies";
				TargetAttributes = {
					4AD128811E6B7D0B0087D486 = {
						CreatedOnToolsVersion = 8.2.1;
						DevelopmentTeam = PD3SC938W6;
						ProvisioningStyle = Automatic;
						SystemCapabilities = {
							com.apple.Maps.iOS = {
								enabled = 1;
							};
							com.apple.Push = {
								enabled = 1;
							};
						};
					};
					4AD128971E6B7D0C0087D486 = {
						CreatedOnToolsVersion = 8.2.1;
						DevelopmentTeam = PD3SC938W6;
						ProvisioningStyle = Automatic;
						TestTargetID = 4AD128811E6B7D0B0087D486;
					};
					4AD128A21E6B7D0C0087D486 = {
						CreatedOnToolsVersion = 8.2.1;
						DevelopmentTeam = PD3SC938W6;
						ProvisioningStyle = Automatic;
						TestTargetID = 4AD128811E6B7D0B0087D486;
					};
				};
			};
			buildConfigurationList = 4AD1287D1E6B7D0B0087D486 /* Build configuration list for PBXProject "RevCity" */;
			compatibilityVersion = "Xcode 3.2";
			developmentRegion = English;
			hasScannedForEncodings = 0;
			knownRegions = (
				en,
				Base,
			);
			mainGroup = 4AD128791E6B7D0B0087D486;
			productRefGroup = 4AD128831E6B7D0C0087D486 /* Products */;
			projectDirPath = "";
			projectRoot = "";
			targets = (
				4AD128811E6B7D0B0087D486 /* RevCity */,
				4AD128971E6B7D0C0087D486 /* RevCityTests */,
				4AD128A21E6B7D0C0087D486 /* RevCityUITests */,
			);
		};
/* End PBXProject section */

/* Begin PBXResourcesBuildPhase section */
		4AD128801E6B7D0B0087D486 /* Resources */ = {
			isa = PBXResourcesBuildPhase;
			buildActionMask = 2147483647;
			files = (
				4AD128921E6B7D0C0087D486 /* LaunchScreen.storyboard in Resources */,
				4AD1288F1E6B7D0C0087D486 /* Assets.xcassets in Resources */,
				4AD1288D1E6B7D0C0087D486 /* Main.storyboard in Resources */,
			);
			runOnlyForDeploymentPostprocessing = 0;
		};
		4AD128961E6B7D0C0087D486 /* Resources */ = {
			isa = PBXResourcesBuildPhase;
			buildActionMask = 2147483647;
			files = (
			);
			runOnlyForDeploymentPostprocessing = 0;
		};
		4AD128A11E6B7D0C0087D486 /* Resources */ = {
			isa = PBXResourcesBuildPhase;
			buildActionMask = 2147483647;
			files = (
			);
			runOnlyForDeploymentPostprocessing = 0;
		};
/* End PBXResourcesBuildPhase section */

/* Begin PBXShellScriptBuildPhase section */
		03D36D88643A23E12509AC96 /* [CP] Copy Pods Resources */ = {
			isa = PBXShellScriptBuildPhase;
			buildActionMask = 2147483647;
			files = (
			);
			inputPaths = (
			);
			name = "[CP] Copy Pods Resources";
			outputPaths = (
			);
			runOnlyForDeploymentPostprocessing = 0;
			shellPath = /bin/sh;
			shellScript = "\"${SRCROOT}/Pods/Target Support Files/Pods-RevCity/Pods-RevCity-resources.sh\"\n";
			showEnvVarsInLog = 0;
		};
		0E10F139A35BFB31E5A9F228 /* [CP] Check Pods Manifest.lock */ = {
			isa = PBXShellScriptBuildPhase;
			buildActionMask = 2147483647;
			files = (
			);
			inputPaths = (
			);
			name = "[CP] Check Pods Manifest.lock";
			outputPaths = (
			);
			runOnlyForDeploymentPostprocessing = 0;
			shellPath = /bin/sh;
			shellScript = "diff \"${PODS_ROOT}/../Podfile.lock\" \"${PODS_ROOT}/Manifest.lock\" > /dev/null\nif [ $? != 0 ] ; then\n    # print error to STDERR\n    echo \"error: The sandbox is not in sync with the Podfile.lock. Run 'pod install' or update your CocoaPods installation.\" >&2\n    exit 1\nfi\n";
			showEnvVarsInLog = 0;
		};
		DD739AC2B0DCBBA60B2DD66C /* [CP] Embed Pods Frameworks */ = {
			isa = PBXShellScriptBuildPhase;
			buildActionMask = 2147483647;
			files = (
			);
			inputPaths = (
			);
			name = "[CP] Embed Pods Frameworks";
			outputPaths = (
			);
			runOnlyForDeploymentPostprocessing = 0;
			shellPath = /bin/sh;
			shellScript = "\"${SRCROOT}/Pods/Target Support Files/Pods-RevCity/Pods-RevCity-frameworks.sh\"\n";
			showEnvVarsInLog = 0;
		};
/* End PBXShellScriptBuildPhase section */

/* Begin PBXSourcesBuildPhase section */
		4AD1287E1E6B7D0B0087D486 /* Sources */ = {
			isa = PBXSourcesBuildPhase;
			buildActionMask = 2147483647;
			files = (
				6545C34F1E85B0DB00E4099D /* NetworkRequest.swift in Sources */,
				4AD128BC1E6C69910087D486 /* SearchViewController.swift in Sources */,
				4AD129001E6CA4370087D486 /* CustomTabBarController.swift in Sources */,
				4AD128BA1E6BA7C10087D486 /* ExploreViewController.swift in Sources */,
				4AD128C01E6C69F20087D486 /* ProfileViewController.swift in Sources */,
				6545C3511E85BFB800E4099D /* Requests.swift in Sources */,
				7FE620111E7EDAE20027BE7E /* UIColor+.swift in Sources */,
				4AD128BE1E6C69D10087D486 /* ChatViewController.swift in Sources */,
				4AD128861E6B7D0C0087D486 /* AppDelegate.swift in Sources */,
				4A6A27081E78A1C5003CBEBB /* CameraLaunchViewController.swift in Sources */,
				4AD129021E6CEDCF0087D486 /* ReviewViewController.swift in Sources */,
				7F54DCFC1E80351000E703DA /* TabBarController.swift in Sources */,
				7FE6200F1E7ED2980027BE7E /* LoginViewController.swift in Sources */,
				4A6A27061E783F07003CBEBB /* MainCameraViewController.swift in Sources */,
			);
			runOnlyForDeploymentPostprocessing = 0;
		};
		4AD128941E6B7D0C0087D486 /* Sources */ = {
			isa = PBXSourcesBuildPhase;
			buildActionMask = 2147483647;
			files = (
				4AD1289D1E6B7D0C0087D486 /* RevCityTests.swift in Sources */,
			);
			runOnlyForDeploymentPostprocessing = 0;
		};
		4AD1289F1E6B7D0C0087D486 /* Sources */ = {
			isa = PBXSourcesBuildPhase;
			buildActionMask = 2147483647;
			files = (
				4AD128A81E6B7D0C0087D486 /* RevCityUITests.swift in Sources */,
			);
			runOnlyForDeploymentPostprocessing = 0;
		};
/* End PBXSourcesBuildPhase section */

/* Begin PBXTargetDependency section */
		4AD1289A1E6B7D0C0087D486 /* PBXTargetDependency */ = {
			isa = PBXTargetDependency;
			target = 4AD128811E6B7D0B0087D486 /* RevCity */;
			targetProxy = 4AD128991E6B7D0C0087D486 /* PBXContainerItemProxy */;
		};
		4AD128A51E6B7D0C0087D486 /* PBXTargetDependency */ = {
			isa = PBXTargetDependency;
			target = 4AD128811E6B7D0B0087D486 /* RevCity */;
			targetProxy = 4AD128A41E6B7D0C0087D486 /* PBXContainerItemProxy */;
		};
/* End PBXTargetDependency section */

/* Begin PBXVariantGroup section */
		4AD1288B1E6B7D0C0087D486 /* Main.storyboard */ = {
			isa = PBXVariantGroup;
			children = (
				4AD1288C1E6B7D0C0087D486 /* Base */,
			);
			name = Main.storyboard;
			sourceTree = "<group>";
		};
		4AD128901E6B7D0C0087D486 /* LaunchScreen.storyboard */ = {
			isa = PBXVariantGroup;
			children = (
				4AD128911E6B7D0C0087D486 /* Base */,
			);
			name = LaunchScreen.storyboard;
			sourceTree = "<group>";
		};
/* End PBXVariantGroup section */

/* Begin XCBuildConfiguration section */
		4AD128AA1E6B7D0C0087D486 /* Debug */ = {
			isa = XCBuildConfiguration;
			buildSettings = {
				ALWAYS_SEARCH_USER_PATHS = NO;
				CLANG_ANALYZER_NONNULL = YES;
				CLANG_CXX_LANGUAGE_STANDARD = "gnu++0x";
				CLANG_CXX_LIBRARY = "libc++";
				CLANG_ENABLE_MODULES = YES;
				CLANG_ENABLE_OBJC_ARC = YES;
				CLANG_WARN_BOOL_CONVERSION = YES;
				CLANG_WARN_CONSTANT_CONVERSION = YES;
				CLANG_WARN_DIRECT_OBJC_ISA_USAGE = YES_ERROR;
				CLANG_WARN_DOCUMENTATION_COMMENTS = YES;
				CLANG_WARN_EMPTY_BODY = YES;
				CLANG_WARN_ENUM_CONVERSION = YES;
				CLANG_WARN_INFINITE_RECURSION = YES;
				CLANG_WARN_INT_CONVERSION = YES;
				CLANG_WARN_OBJC_ROOT_CLASS = YES_ERROR;
				CLANG_WARN_SUSPICIOUS_MOVE = YES;
				CLANG_WARN_UNREACHABLE_CODE = YES;
				CLANG_WARN__DUPLICATE_METHOD_MATCH = YES;
				"CODE_SIGN_IDENTITY[sdk=iphoneos*]" = "iPhone Developer";
				COPY_PHASE_STRIP = NO;
				DEBUG_INFORMATION_FORMAT = dwarf;
				ENABLE_STRICT_OBJC_MSGSEND = YES;
				ENABLE_TESTABILITY = YES;
				GCC_C_LANGUAGE_STANDARD = gnu99;
				GCC_DYNAMIC_NO_PIC = NO;
				GCC_NO_COMMON_BLOCKS = YES;
				GCC_OPTIMIZATION_LEVEL = 0;
				GCC_PREPROCESSOR_DEFINITIONS = (
					"DEBUG=1",
					"$(inherited)",
				);
				GCC_WARN_64_TO_32_BIT_CONVERSION = YES;
				GCC_WARN_ABOUT_RETURN_TYPE = YES_ERROR;
				GCC_WARN_UNDECLARED_SELECTOR = YES;
				GCC_WARN_UNINITIALIZED_AUTOS = YES_AGGRESSIVE;
				GCC_WARN_UNUSED_FUNCTION = YES;
				GCC_WARN_UNUSED_VARIABLE = YES;
				IPHONEOS_DEPLOYMENT_TARGET = 10.2;
				MTL_ENABLE_DEBUG_INFO = YES;
				ONLY_ACTIVE_ARCH = YES;
				SDKROOT = iphoneos;
				SWIFT_ACTIVE_COMPILATION_CONDITIONS = DEBUG;
				SWIFT_OPTIMIZATION_LEVEL = "-Onone";
			};
			name = Debug;
		};
		4AD128AB1E6B7D0C0087D486 /* Release */ = {
			isa = XCBuildConfiguration;
			buildSettings = {
				ALWAYS_SEARCH_USER_PATHS = NO;
				CLANG_ANALYZER_NONNULL = YES;
				CLANG_CXX_LANGUAGE_STANDARD = "gnu++0x";
				CLANG_CXX_LIBRARY = "libc++";
				CLANG_ENABLE_MODULES = YES;
				CLANG_ENABLE_OBJC_ARC = YES;
				CLANG_WARN_BOOL_CONVERSION = YES;
				CLANG_WARN_CONSTANT_CONVERSION = YES;
				CLANG_WARN_DIRECT_OBJC_ISA_USAGE = YES_ERROR;
				CLANG_WARN_DOCUMENTATION_COMMENTS = YES;
				CLANG_WARN_EMPTY_BODY = YES;
				CLANG_WARN_ENUM_CONVERSION = YES;
				CLANG_WARN_INFINITE_RECURSION = YES;
				CLANG_WARN_INT_CONVERSION = YES;
				CLANG_WARN_OBJC_ROOT_CLASS = YES_ERROR;
				CLANG_WARN_SUSPICIOUS_MOVE = YES;
				CLANG_WARN_UNREACHABLE_CODE = YES;
				CLANG_WARN__DUPLICATE_METHOD_MATCH = YES;
				"CODE_SIGN_IDENTITY[sdk=iphoneos*]" = "iPhone Developer";
				COPY_PHASE_STRIP = NO;
				DEBUG_INFORMATION_FORMAT = "dwarf-with-dsym";
				ENABLE_NS_ASSERTIONS = NO;
				ENABLE_STRICT_OBJC_MSGSEND = YES;
				GCC_C_LANGUAGE_STANDARD = gnu99;
				GCC_NO_COMMON_BLOCKS = YES;
				GCC_WARN_64_TO_32_BIT_CONVERSION = YES;
				GCC_WARN_ABOUT_RETURN_TYPE = YES_ERROR;
				GCC_WARN_UNDECLARED_SELECTOR = YES;
				GCC_WARN_UNINITIALIZED_AUTOS = YES_AGGRESSIVE;
				GCC_WARN_UNUSED_FUNCTION = YES;
				GCC_WARN_UNUSED_VARIABLE = YES;
				IPHONEOS_DEPLOYMENT_TARGET = 10.2;
				MTL_ENABLE_DEBUG_INFO = NO;
				SDKROOT = iphoneos;
				SWIFT_OPTIMIZATION_LEVEL = "-Owholemodule";
				VALIDATE_PRODUCT = YES;
			};
			name = Release;
		};
		4AD128AD1E6B7D0C0087D486 /* Debug */ = {
			isa = XCBuildConfiguration;
			baseConfigurationReference = CF03FD5127561F8B4353DB1B /* Pods-RevCity.debug.xcconfig */;
			buildSettings = {
				ASSETCATALOG_COMPILER_APPICON_NAME = AppIcon;
				CODE_SIGN_ENTITLEMENTS = RevCity/RevCity.entitlements;
				DEVELOPMENT_TEAM = PD3SC938W6;
				INFOPLIST_FILE = RevCity/Info.plist;
				LD_RUNPATH_SEARCH_PATHS = "$(inherited) @executable_path/Frameworks";
				PRODUCT_BUNDLE_IDENTIFIER = com.placemakertechnologies.RevCity;
				PRODUCT_NAME = "$(TARGET_NAME)";
				SWIFT_VERSION = 3.0;
			};
			name = Debug;
		};
		4AD128AE1E6B7D0C0087D486 /* Release */ = {
			isa = XCBuildConfiguration;
			baseConfigurationReference = 668B513E173F377E124F3135 /* Pods-RevCity.release.xcconfig */;
			buildSettings = {
				ASSETCATALOG_COMPILER_APPICON_NAME = AppIcon;
				CODE_SIGN_ENTITLEMENTS = RevCity/RevCity.entitlements;
				DEVELOPMENT_TEAM = PD3SC938W6;
				INFOPLIST_FILE = RevCity/Info.plist;
				LD_RUNPATH_SEARCH_PATHS = "$(inherited) @executable_path/Frameworks";
				PRODUCT_BUNDLE_IDENTIFIER = com.placemakertechnologies.RevCity;
				PRODUCT_NAME = "$(TARGET_NAME)";
				SWIFT_VERSION = 3.0;
			};
			name = Release;
		};
		4AD128B01E6B7D0C0087D486 /* Debug */ = {
			isa = XCBuildConfiguration;
			buildSettings = {
				ALWAYS_EMBED_SWIFT_STANDARD_LIBRARIES = YES;
				BUNDLE_LOADER = "$(TEST_HOST)";
				DEVELOPMENT_TEAM = PD3SC938W6;
				INFOPLIST_FILE = RevCityTests/Info.plist;
				LD_RUNPATH_SEARCH_PATHS = "$(inherited) @executable_path/Frameworks @loader_path/Frameworks";
				PRODUCT_BUNDLE_IDENTIFIER = com.placemakertechnologies.RevCityTests;
				PRODUCT_NAME = "$(TARGET_NAME)";
				SWIFT_VERSION = 3.0;
				TEST_HOST = "$(BUILT_PRODUCTS_DIR)/RevCity.app/RevCity";
			};
			name = Debug;
		};
		4AD128B11E6B7D0C0087D486 /* Release */ = {
			isa = XCBuildConfiguration;
			buildSettings = {
				ALWAYS_EMBED_SWIFT_STANDARD_LIBRARIES = YES;
				BUNDLE_LOADER = "$(TEST_HOST)";
				DEVELOPMENT_TEAM = PD3SC938W6;
				INFOPLIST_FILE = RevCityTests/Info.plist;
				LD_RUNPATH_SEARCH_PATHS = "$(inherited) @executable_path/Frameworks @loader_path/Frameworks";
				PRODUCT_BUNDLE_IDENTIFIER = com.placemakertechnologies.RevCityTests;
				PRODUCT_NAME = "$(TARGET_NAME)";
				SWIFT_VERSION = 3.0;
				TEST_HOST = "$(BUILT_PRODUCTS_DIR)/RevCity.app/RevCity";
			};
			name = Release;
		};
		4AD128B31E6B7D0C0087D486 /* Debug */ = {
			isa = XCBuildConfiguration;
			buildSettings = {
				ALWAYS_EMBED_SWIFT_STANDARD_LIBRARIES = YES;
				DEVELOPMENT_TEAM = PD3SC938W6;
				INFOPLIST_FILE = RevCityUITests/Info.plist;
				LD_RUNPATH_SEARCH_PATHS = "$(inherited) @executable_path/Frameworks @loader_path/Frameworks";
				PRODUCT_BUNDLE_IDENTIFIER = com.placemakertechnologies.RevCityUITests;
				PRODUCT_NAME = "$(TARGET_NAME)";
				SWIFT_VERSION = 3.0;
				TEST_TARGET_NAME = RevCity;
			};
			name = Debug;
		};
		4AD128B41E6B7D0C0087D486 /* Release */ = {
			isa = XCBuildConfiguration;
			buildSettings = {
				ALWAYS_EMBED_SWIFT_STANDARD_LIBRARIES = YES;
				DEVELOPMENT_TEAM = PD3SC938W6;
				INFOPLIST_FILE = RevCityUITests/Info.plist;
				LD_RUNPATH_SEARCH_PATHS = "$(inherited) @executable_path/Frameworks @loader_path/Frameworks";
				PRODUCT_BUNDLE_IDENTIFIER = com.placemakertechnologies.RevCityUITests;
				PRODUCT_NAME = "$(TARGET_NAME)";
				SWIFT_VERSION = 3.0;
				TEST_TARGET_NAME = RevCity;
			};
			name = Release;
		};
/* End XCBuildConfiguration section */

/* Begin XCConfigurationList section */
		4AD1287D1E6B7D0B0087D486 /* Build configuration list for PBXProject "RevCity" */ = {
			isa = XCConfigurationList;
			buildConfigurations = (
				4AD128AA1E6B7D0C0087D486 /* Debug */,
				4AD128AB1E6B7D0C0087D486 /* Release */,
			);
			defaultConfigurationIsVisible = 0;
			defaultConfigurationName = Release;
		};
		4AD128AC1E6B7D0C0087D486 /* Build configuration list for PBXNativeTarget "RevCity" */ = {
			isa = XCConfigurationList;
			buildConfigurations = (
				4AD128AD1E6B7D0C0087D486 /* Debug */,
				4AD128AE1E6B7D0C0087D486 /* Release */,
			);
			defaultConfigurationIsVisible = 0;
			defaultConfigurationName = Release;
		};
		4AD128AF1E6B7D0C0087D486 /* Build configuration list for PBXNativeTarget "RevCityTests" */ = {
			isa = XCConfigurationList;
			buildConfigurations = (
				4AD128B01E6B7D0C0087D486 /* Debug */,
				4AD128B11E6B7D0C0087D486 /* Release */,
			);
			defaultConfigurationIsVisible = 0;
			defaultConfigurationName = Release;
		};
		4AD128B21E6B7D0C0087D486 /* Build configuration list for PBXNativeTarget "RevCityUITests" */ = {
			isa = XCConfigurationList;
			buildConfigurations = (
				4AD128B31E6B7D0C0087D486 /* Debug */,
				4AD128B41E6B7D0C0087D486 /* Release */,
			);
			defaultConfigurationIsVisible = 0;
			defaultConfigurationName = Release;
		};
/* End XCConfigurationList section */
	};
	rootObject = 4AD1287A1E6B7D0B0087D486 /* Project object */;
}
